{
  "name": "renovate-npm-package-reproduction",
  "lockfileVersion": 3,
  "requires": true,
  "packages": {
    "": {
      "name": "renovate-npm-package-reproduction",
      "dependencies": {
        "@juancarlosjr97/renovate-npm-package-issue": "1.0.0",
        "@juancarlosjr97/renovate-npm-package-no-issue": "1.0.1"
      }
    },
    "node_modules/@juancarlosjr97/renovate-npm-package-issue": {
      "version": "1.0.0",
      "resolved": "https://registry.npmjs.org/@juancarlosjr97/renovate-npm-package-issue/-/renovate-npm-package-issue-1.0.0.tgz",
      "integrity": "sha512-e6L7jQIt4VUpP9c1O7fluq7JlwAJJ1GIh9L0+hDe2sqQdUaiOURndtzaR2JUp0wvrUHungJLMNrsOlSL+O3xYA==",
      "license": "UNLICENSED"
    },
    "node_modules/@juancarlosjr97/renovate-npm-package-no-issue": {
      "version": "1.0.1",
      "resolved": "https://registry.npmjs.org/@juancarlosjr97/renovate-npm-package-no-issue/-/renovate-npm-package-no-issue-1.0.1.tgz",
      "integrity": "sha512-m233WUaHs8OH0KicL+PNIS7qa+1p7XU6o5etgAS05/Sx85hLQGYhCbdt8NFqkBsBN0RqeEOKoT6TCeX0STH69A==",
      "license": "UNLICENSED"
    }
  }
}
