{
  "name": "renovate-npm-package-reproduction",
  "lockfileVersion": 3,
  "requires": true,
  "packages": {
    "": {
      "name": "renovate-npm-package-reproduction",
      "dependencies": {
        "@juancarlosjr97/renovate-npm-package-issue": "1.0.1",
        "@juancarlosjr97/renovate-npm-package-no-issue": "1.0.0"
      }
    },
    "node_modules/@juancarlosjr97/renovate-npm-package-issue": {
      "version": "1.0.1",
      "resolved": "https://registry.npmjs.org/@juancarlosjr97/renovate-npm-package-issue/-/renovate-npm-package-issue-1.0.1.tgz",
      "integrity": "sha512-qB+IAvZoVyyRlRtZsirHRLOVkvyGF6DfcLzVJ/8uFh1az2NZ33CASHyDiOLX9YeFQLG94WyVsqW9ROWV58mnbQ==",
      "license": "UNLICENSED"
    },
    "node_modules/@juancarlosjr97/renovate-npm-package-no-issue": {
      "version": "1.0.0",
      "resolved": "https://registry.npmjs.org/@juancarlosjr97/renovate-npm-package-no-issue/-/renovate-npm-package-no-issue-1.0.0.tgz",
      "integrity": "sha512-1J50gJNEodXLtq+v/OyBxd0QvzYYrarP1nQJJGIMszl6SroiYd2UZBDr6OQh+atXizeFtD1nGKDUNN86wXwskg==",
      "license": "UNLICENSED"
    }
  }
}
